
Microsoft Visual Studio Solution File, Format Version 12.00
# Visual Studio Version 17
VisualStudioVersion = 17.11.35327.3
MinimumVisualStudioVersion = 10.0.40219.1
Project("{9A19103F-16F7-4668-BE54-9A1E7A4F7556}") = "Database", "Database\Database.csproj", "{456AC8A4-FD6A-4C79-9DC2-C545C8B03301}"
EndProject
Project("{2150E333-8FDC-42A3-9474-1A3956D46DE8}") = "PresentationLayer", "PresentationLayer", "{73270223-1243-44BC-A4E9-DB0DE626A405}"
EndProject
Project("{9A19103F-16F7-4668-BE54-9A1E7A4F7556}") = "BussinessLayer", "BussinessLayer\BussinessLayer.csproj", "{2C523B39-54EF-4AAF-921D-9446FD0C690B}"
EndProject
Project("{9A19103F-16F7-4668-BE54-9A1E7A4F7556}") = "WEB", "WEB\WEB.csproj", "{ABD6A7F0-CCC4-4C68-8361-8388B036751F}"
EndProject
Project("{9A19103F-16F7-4668-BE54-9A1E7A4F7556}") = "API", "API\API.csproj", "{4BF62185-1FE7-4D3A-9F56-4B1D1B03D50C}"
EndProject
Project("{9A19103F-16F7-4668-BE54-9A1E7A4F7556}") = "Desktop", "Desktop\Desktop.csproj", "{1EB509F2-DBBA-4CA3-8D24-FCDCBFADFF0E}"
EndProject
Project("{2150E333-8FDC-42A3-9474-1A3956D46DE8}") = "TestData", "TestData", "{00166D40-7972-4E6D-AF3E-1DD99FAF93D3}"
EndProject
Global
	GlobalSection(SolutionConfigurationPlatforms) = preSolution
		Debug|Any CPU = Debug|Any CPU
		Release|Any CPU = Release|Any CPU
	EndGlobalSection
	GlobalSection(ProjectConfigurationPlatforms) = postSolution
		{456AC8A4-FD6A-4C79-9DC2-C545C8B03301}.Debug|Any CPU.ActiveCfg = Debug|Any CPU
		{456AC8A4-FD6A-4C79-9DC2-C545C8B03301}.Debug|Any CPU.Build.0 = Debug|Any CPU
		{456AC8A4-FD6A-4C79-9DC2-C545C8B03301}.Release|Any CPU.ActiveCfg = Release|Any CPU
		{456AC8A4-FD6A-4C79-9DC2-C545C8B03301}.Release|Any CPU.Build.0 = Release|Any CPU
		{2C523B39-54EF-4AAF-921D-9446FD0C690B}.Debug|Any CPU.ActiveCfg = Debug|Any CPU
		{2C523B39-54EF-4AAF-921D-9446FD0C690B}.Debug|Any CPU.Build.0 = Debug|Any CPU
		{2C523B39-54EF-4AAF-921D-9446FD0C690B}.Release|Any CPU.ActiveCfg = Release|Any CPU
		{2C523B39-54EF-4AAF-921D-9446FD0C690B}.Release|Any CPU.Build.0 = Release|Any CPU
		{ABD6A7F0-CCC4-4C68-8361-8388B036751F}.Debug|Any CPU.ActiveCfg = Debug|Any CPU
		{ABD6A7F0-CCC4-4C68-8361-8388B036751F}.Debug|Any CPU.Build.0 = Debug|Any CPU
		{ABD6A7F0-CCC4-4C68-8361-8388B036751F}.Release|Any CPU.ActiveCfg = Release|Any CPU
		{ABD6A7F0-CCC4-4C68-8361-8388B036751F}.Release|Any CPU.Build.0 = Release|Any CPU
		{4BF62185-1FE7-4D3A-9F56-4B1D1B03D50C}.Debug|Any CPU.ActiveCfg = Debug|Any CPU
		{4BF62185-1FE7-4D3A-9F56-4B1D1B03D50C}.Debug|Any CPU.Build.0 = Debug|Any CPU
		{4BF62185-1FE7-4D3A-9F56-4B1D1B03D50C}.Release|Any CPU.ActiveCfg = Release|Any CPU
		{4BF62185-1FE7-4D3A-9F56-4B1D1B03D50C}.Release|Any CPU.Build.0 = Release|Any CPU
		{1EB509F2-DBBA-4CA3-8D24-FCDCBFADFF0E}.Debug|Any CPU.ActiveCfg = Debug|Any CPU
		{1EB509F2-DBBA-4CA3-8D24-FCDCBFADFF0E}.Debug|Any CPU.Build.0 = Debug|Any CPU
		{1EB509F2-DBBA-4CA3-8D24-FCDCBFADFF0E}.Release|Any CPU.ActiveCfg = Release|Any CPU
		{1EB509F2-DBBA-4CA3-8D24-FCDCBFADFF0E}.Release|Any CPU.Build.0 = Release|Any CPU
	EndGlobalSection
	GlobalSection(SolutionProperties) = preSolution
		HideSolutionNode = FALSE
	EndGlobalSection
	GlobalSection(NestedProjects) = preSolution
		{ABD6A7F0-CCC4-4C68-8361-8388B036751F} = {73270223-1243-44BC-A4E9-DB0DE626A405}
		{4BF62185-1FE7-4D3A-9F56-4B1D1B03D50C} = {73270223-1243-44BC-A4E9-DB0DE626A405}
		{1EB509F2-DBBA-4CA3-8D24-FCDCBFADFF0E} = {73270223-1243-44BC-A4E9-DB0DE626A405}
	EndGlobalSection
	GlobalSection(ExtensibilityGlobals) = postSolution
		SolutionGuid = {BE90D5E3-5BC6-458A-A7A1-9B568B06B425}
	EndGlobalSection
EndGlobal
